
Microsoft Visual Studio Solution File, Format Version 12.00
# Visual Studio Version 17
VisualStudioVersion = 17.11.35327.3
MinimumVisualStudioVersion = 10.0.40219.1
Project("{8BC9CEB8-8B4A-11D0-8D11-00A0C91BC942}") = "LAB-8-T4", "LAB-8-T4.vcxproj", "{072DDD9D-358D-4F42-A86F-C58F4120577F}"
EndProject
Global
	GlobalSection(SolutionConfigurationPlatforms) = preSolution
		Debug|x64 = Debug|x64
		Debug|x86 = Debug|x86
		Release|x64 = Release|x64
		Release|x86 = Release|x86
	EndGlobalSection
	GlobalSection(ProjectConfigurationPlatforms) = postSolution
		{072DDD9D-358D-4F42-A86F-C58F4120577F}.Debug|x64.ActiveCfg = Debug|x64
		{072DDD9D-358D-4F42-A86F-C58F4120577F}.Debug|x64.Build.0 = Debug|x64
		{072DDD9D-358D-4F42-A86F-C58F4120577F}.Debug|x86.ActiveCfg = Debug|Win32
		{072DDD9D-358D-4F42-A86F-C58F4120577F}.Debug|x86.Build.0 = Debug|Win32
		{072DDD9D-358D-4F42-A86F-C58F4120577F}.Release|x64.ActiveCfg = Release|x64
		{072DDD9D-358D-4F42-A86F-C58F4120577F}.Release|x64.Build.0 = Release|x64
		{072DDD9D-358D-4F42-A86F-C58F4120577F}.Release|x86.ActiveCfg = Release|Win32
		{072DDD9D-358D-4F42-A86F-C58F4120577F}.Release|x86.Build.0 = Release|Win32
	EndGlobalSection
	GlobalSection(SolutionProperties) = preSolution
		HideSolutionNode = FALSE
	EndGlobalSection
	GlobalSection(ExtensibilityGlobals) = postSolution
		SolutionGuid = {C3FCDF45-0B2F-4448-87CB-29E62E142ED4}
	EndGlobalSection
EndGlobal
